// !$*UTF8*$!
{
	archiveVersion = 1;
	classes = {
	};
	objectVersion = 46;
	objects = {

/* Begin PBXBuildFile section */
		590335A91E9C25AA00260154 /* AppDelegate.swift in Sources */ = {isa = PBXBuildFile; fileRef = 590335A81E9C25AA00260154 /* AppDelegate.swift */; };
		590335AE1E9C25AA00260154 /* Main.storyboard in Resources */ = {isa = PBXBuildFile; fileRef = 590335AC1E9C25AA00260154 /* Main.storyboard */; };
		590335B01E9C25AA00260154 /* Assets.xcassets in Resources */ = {isa = PBXBuildFile; fileRef = 590335AF1E9C25AA00260154 /* Assets.xcassets */; };
		590335B31E9C25AA00260154 /* LaunchScreen.storyboard in Resources */ = {isa = PBXBuildFile; fileRef = 590335B11E9C25AA00260154 /* LaunchScreen.storyboard */; };
		590335BE1E9C25AA00260154 /* PhotoramaTests.swift in Sources */ = {isa = PBXBuildFile; fileRef = 590335BD1E9C25AA00260154 /* PhotoramaTests.swift */; };
		590335C91E9C25AA00260154 /* PhotoramaUITests.swift in Sources */ = {isa = PBXBuildFile; fileRef = 590335C81E9C25AA00260154 /* PhotoramaUITests.swift */; };
		5973E0A61E9C42C00023901F /* PhotosViewController.swift in Sources */ = {isa = PBXBuildFile; fileRef = 5973E0A51E9C42C00023901F /* PhotosViewController.swift */; };
		5973E0A81E9C455F0023901F /* FlickrAPI.swift in Sources */ = {isa = PBXBuildFile; fileRef = 5973E0A71E9C455F0023901F /* FlickrAPI.swift */; };
		5973E0AA1E9C4BEC0023901F /* PhotoStore.swift in Sources */ = {isa = PBXBuildFile; fileRef = 5973E0A91E9C4BEC0023901F /* PhotoStore.swift */; };
		5973E0AC1E9C4FE80023901F /* Photo.swift in Sources */ = {isa = PBXBuildFile; fileRef = 5973E0AB1E9C4FE80023901F /* Photo.swift */; };
/* End PBXBuildFile section */

/* Begin PBXContainerItemProxy section */
		590335BA1E9C25AA00260154 /* PBXContainerItemProxy */ = {
			isa = PBXContainerItemProxy;
			containerPortal = 5903359D1E9C25AA00260154 /* Project object */;
			proxyType = 1;
			remoteGlobalIDString = 590335A41E9C25AA00260154;
			remoteInfo = Photorama;
		};
		590335C51E9C25AA00260154 /* PBXContainerItemProxy */ = {
			isa = PBXContainerItemProxy;
			containerPortal = 5903359D1E9C25AA00260154 /* Project object */;
			proxyType = 1;
			remoteGlobalIDString = 590335A41E9C25AA00260154;
			remoteInfo = Photorama;
		};
/* End PBXContainerItemProxy section */

/* Begin PBXFileReference section */
		590335A51E9C25AA00260154 /* Photorama.app */ = {isa = PBXFileReference; explicitFileType = wrapper.application; includeInIndex = 0; path = Photorama.app; sourceTree = BUILT_PRODUCTS_DIR; };
		590335A81E9C25AA00260154 /* AppDelegate.swift */ = {isa = PBXFileReference; lastKnownFileType = sourcecode.swift; path = AppDelegate.swift; sourceTree = "<group>"; };
		590335AD1E9C25AA00260154 /* Base */ = {isa = PBXFileReference; lastKnownFileType = file.storyboard; name = Base; path = Base.lproj/Main.storyboard; sourceTree = "<group>"; };
		590335AF1E9C25AA00260154 /* Assets.xcassets */ = {isa = PBXFileReference; lastKnownFileType = folder.assetcatalog; path = Assets.xcassets; sourceTree = "<group>"; };
		590335B21E9C25AA00260154 /* Base */ = {isa = PBXFileReference; lastKnownFileType = file.storyboard; name = Base; path = Base.lproj/LaunchScreen.storyboard; sourceTree = "<group>"; };
		590335B41E9C25AA00260154 /* Info.plist */ = {isa = PBXFileReference; lastKnownFileType = text.plist.xml; path = Info.plist; sourceTree = "<group>"; };
		590335B91E9C25AA00260154 /* PhotoramaTests.xctest */ = {isa = PBXFileReference; explicitFileType = wrapper.cfbundle; includeInIndex = 0; path = PhotoramaTests.xctest; sourceTree = BUILT_PRODUCTS_DIR; };
		590335BD1E9C25AA00260154 /* PhotoramaTests.swift */ = {isa = PBXFileReference; lastKnownFileType = sourcecode.swift; path = PhotoramaTests.swift; sourceTree = "<group>"; };
		590335BF1E9C25AA00260154 /* Info.plist */ = {isa = PBXFileReference; lastKnownFileType = text.plist.xml; path = Info.plist; sourceTree = "<group>"; };
		590335C41E9C25AA00260154 /* PhotoramaUITests.xctest */ = {isa = PBXFileReference; explicitFileType = wrapper.cfbundle; includeInIndex = 0; path = PhotoramaUITests.xctest; sourceTree = BUILT_PRODUCTS_DIR; };
		590335C81E9C25AA00260154 /* PhotoramaUITests.swift */ = {isa = PBXFileReference; lastKnownFileType = sourcecode.swift; path = PhotoramaUITests.swift; sourceTree = "<group>"; };
		590335CA1E9C25AA00260154 /* Info.plist */ = {isa = PBXFileReference; lastKnownFileType = text.plist.xml; path = Info.plist; sourceTree = "<group>"; };
		5973E0A51E9C42C00023901F /* PhotosViewController.swift */ = {isa = PBXFileReference; fileEncoding = 4; lastKnownFileType = sourcecode.swift; path = PhotosViewController.swift; sourceTree = "<group>"; };
		5973E0A71E9C455F0023901F /* FlickrAPI.swift */ = {isa = PBXFileReference; fileEncoding = 4; lastKnownFileType = sourcecode.swift; path = FlickrAPI.swift; sourceTree = "<group>"; };
		5973E0A91E9C4BEC0023901F /* PhotoStore.swift */ = {isa = PBXFileReference; fileEncoding = 4; lastKnownFileType = sourcecode.swift; path = PhotoStore.swift; sourceTree = "<group>"; };
		5973E0AB1E9C4FE80023901F /* Photo.swift */ = {isa = PBXFileReference; fileEncoding = 4; lastKnownFileType = sourcecode.swift; path = Photo.swift; sourceTree = "<group>"; };
/* End PBXFileReference section */

/* Begin PBXFrameworksBuildPhase section */
		590335A21E9C25AA00260154 /* Frameworks */ = {
			isa = PBXFrameworksBuildPhase;
			buildActionMask = 2147483647;
			files = (
			);
			runOnlyForDeploymentPostprocessing = 0;
		};
		590335B61E9C25AA00260154 /* Frameworks */ = {
			isa = PBXFrameworksBuildPhase;
			buildActionMask = 2147483647;
			files = (
			);
			runOnlyForDeploymentPostprocessing = 0;
		};
		590335C11E9C25AA00260154 /* Frameworks */ = {
			isa = PBXFrameworksBuildPhase;
			buildActionMask = 2147483647;
			files = (
			);
			runOnlyForDeploymentPostprocessing = 0;
		};
/* End PBXFrameworksBuildPhase section */

/* Begin PBXGroup section */
		5903359C1E9C25AA00260154 = {
			isa = PBXGroup;
			children = (
				590335A71E9C25AA00260154 /* Photorama */,
				590335BC1E9C25AA00260154 /* PhotoramaTests */,
				590335C71E9C25AA00260154 /* PhotoramaUITests */,
				590335A61E9C25AA00260154 /* Products */,
			);
			sourceTree = "<group>";
		};
		590335A61E9C25AA00260154 /* Products */ = {
			isa = PBXGroup;
			children = (
				590335A51E9C25AA00260154 /* Photorama.app */,
				590335B91E9C25AA00260154 /* PhotoramaTests.xctest */,
				590335C41E9C25AA00260154 /* PhotoramaUITests.xctest */,
			);
			name = Products;
			sourceTree = "<group>";
		};
		590335A71E9C25AA00260154 /* Photorama */ = {
			isa = PBXGroup;
			children = (
				590335A81E9C25AA00260154 /* AppDelegate.swift */,
				590335AC1E9C25AA00260154 /* Main.storyboard */,
				5973E0A51E9C42C00023901F /* PhotosViewController.swift */,
				5973E0A71E9C455F0023901F /* FlickrAPI.swift */,
				5973E0AB1E9C4FE80023901F /* Photo.swift */,
				5973E0A91E9C4BEC0023901F /* PhotoStore.swift */,
				590335AF1E9C25AA00260154 /* Assets.xcassets */,
				590335B11E9C25AA00260154 /* LaunchScreen.storyboard */,
				590335B41E9C25AA00260154 /* Info.plist */,
			);
			path = Photorama;
			sourceTree = "<group>";
		};
		590335BC1E9C25AA00260154 /* PhotoramaTests */ = {
			isa = PBXGroup;
			children = (
				590335BD1E9C25AA00260154 /* PhotoramaTests.swift */,
				590335BF1E9C25AA00260154 /* Info.plist */,
			);
			path = PhotoramaTests;
			sourceTree = "<group>";
		};
		590335C71E9C25AA00260154 /* PhotoramaUITests */ = {
			isa = PBXGroup;
			children = (
				590335C81E9C25AA00260154 /* PhotoramaUITests.swift */,
				590335CA1E9C25AA00260154 /* Info.plist */,
			);
			path = PhotoramaUITests;
			sourceTree = "<group>";
		};
/* End PBXGroup section */

/* Begin PBXNativeTarget section */
		590335A41E9C25AA00260154 /* Photorama */ = {
			isa = PBXNativeTarget;
			buildConfigurationList = 590335CD1E9C25AA00260154 /* Build configuration list for PBXNativeTarget "Photorama" */;
			buildPhases = (
				590335A11E9C25AA00260154 /* Sources */,
				590335A21E9C25AA00260154 /* Frameworks */,
				590335A31E9C25AA00260154 /* Resources */,
			);
			buildRules = (
			);
			dependencies = (
			);
			name = Photorama;
			productName = Photorama;
			productReference = 590335A51E9C25AA00260154 /* Photorama.app */;
			productType = "com.apple.product-type.application";
		};
		590335B81E9C25AA00260154 /* PhotoramaTests */ = {
			isa = PBXNativeTarget;
			buildConfigurationList = 590335D01E9C25AA00260154 /* Build configuration list for PBXNativeTarget "PhotoramaTests" */;
			buildPhases = (
				590335B51E9C25AA00260154 /* Sources */,
				590335B61E9C25AA00260154 /* Frameworks */,
				590335B71E9C25AA00260154 /* Resources */,
			);
			buildRules = (
			);
			dependencies = (
				590335BB1E9C25AA00260154 /* PBXTargetDependency */,
			);
			name = PhotoramaTests;
			productName = PhotoramaTests;
			productReference = 590335B91E9C25AA00260154 /* PhotoramaTests.xctest */;
			productType = "com.apple.product-type.bundle.unit-test";
		};
		590335C31E9C25AA00260154 /* PhotoramaUITests */ = {
			isa = PBXNativeTarget;
			buildConfigurationList = 590335D31E9C25AA00260154 /* Build configuration list for PBXNativeTarget "PhotoramaUITests" */;
			buildPhases = (
				590335C01E9C25AA00260154 /* Sources */,
				590335C11E9C25AA00260154 /* Frameworks */,
				590335C21E9C25AA00260154 /* Resources */,
			);
			buildRules = (
			);
			dependencies = (
				590335C61E9C25AA00260154 /* PBXTargetDependency */,
			);
			name = PhotoramaUITests;
			productName = PhotoramaUITests;
			productReference = 590335C41E9C25AA00260154 /* PhotoramaUITests.xctest */;
			productType = "com.apple.product-type.bundle.ui-testing";
		};
/* End PBXNativeTarget section */

/* Begin PBXProject section */
		5903359D1E9C25AA00260154 /* Project object */ = {
			isa = PBXProject;
			attributes = {
				LastSwiftUpdateCheck = 0830;
				LastUpgradeCheck = 0830;
				ORGANIZATIONNAME = msbbeumer;
				TargetAttributes = {
					590335A41E9C25AA00260154 = {
						CreatedOnToolsVersion = 8.3.1;
						DevelopmentTeam = YF386D5NRU;
						ProvisioningStyle = Automatic;
					};
					590335B81E9C25AA00260154 = {
						CreatedOnToolsVersion = 8.3.1;
						ProvisioningStyle = Automatic;
						TestTargetID = 590335A41E9C25AA00260154;
					};
					590335C31E9C25AA00260154 = {
						CreatedOnToolsVersion = 8.3.1;
						ProvisioningStyle = Automatic;
						TestTargetID = 590335A41E9C25AA00260154;
					};
				};
			};
			buildConfigurationList = 590335A01E9C25AA00260154 /* Build configuration list for PBXProject "Photorama" */;
			compatibilityVersion = "Xcode 3.2";
			developmentRegion = English;
			hasScannedForEncodings = 0;
			knownRegions = (
				en,
				Base,
			);
			mainGroup = 5903359C1E9C25AA00260154;
			productRefGroup = 590335A61E9C25AA00260154 /* Products */;
			projectDirPath = "";
			projectRoot = "";
			targets = (
				590335A41E9C25AA00260154 /* Photorama */,
				590335B81E9C25AA00260154 /* PhotoramaTests */,
				590335C31E9C25AA00260154 /* PhotoramaUITests */,
			);
		};
/* End PBXProject section */

/* Begin PBXResourcesBuildPhase section */
		590335A31E9C25AA00260154 /* Resources */ = {
			isa = PBXResourcesBuildPhase;
			buildActionMask = 2147483647;
			files = (
				590335B31E9C25AA00260154 /* LaunchScreen.storyboard in Resources */,
				590335B01E9C25AA00260154 /* Assets.xcassets in Resources */,
				590335AE1E9C25AA00260154 /* Main.storyboard in Resources */,
			);
			runOnlyForDeploymentPostprocessing = 0;
		};
		590335B71E9C25AA00260154 /* Resources */ = {
			isa = PBXResourcesBuildPhase;
			buildActionMask = 2147483647;
			files = (
			);
			runOnlyForDeploymentPostprocessing = 0;
		};
		590335C21E9C25AA00260154 /* Resources */ = {
			isa = PBXResourcesBuildPhase;
			buildActionMask = 2147483647;
			files = (
			);
			runOnlyForDeploymentPostprocessing = 0;
		};
/* End PBXResourcesBuildPhase section */

/* Begin PBXSourcesBuildPhase section */
		590335A11E9C25AA00260154 /* Sources */ = {
			isa = PBXSourcesBuildPhase;
			buildActionMask = 2147483647;
			files = (
				5973E0A81E9C455F0023901F /* FlickrAPI.swift in Sources */,
				5973E0A61E9C42C00023901F /* PhotosViewController.swift in Sources */,
				5973E0AA1E9C4BEC0023901F /* PhotoStore.swift in Sources */,
				590335A91E9C25AA00260154 /* AppDelegate.swift in Sources */,
				5973E0AC1E9C4FE80023901F /* Photo.swift in Sources */,
			);
			runOnlyForDeploymentPostprocessing = 0;
		};
		590335B51E9C25AA00260154 /* Sources */ = {
			isa = PBXSourcesBuildPhase;
			buildActionMask = 2147483647;
			files = (
				590335BE1E9C25AA00260154 /* PhotoramaTests.swift in Sources */,
			);
			runOnlyForDeploymentPostprocessing = 0;
		};
		590335C01E9C25AA00260154 /* Sources */ = {
			isa = PBXSourcesBuildPhase;
			buildActionMask = 2147483647;
			files = (
				590335C91E9C25AA00260154 /* PhotoramaUITests.swift in Sources */,
			);
			runOnlyForDeploymentPostprocessing = 0;
		};
/* End PBXSourcesBuildPhase section */

/* Begin PBXTargetDependency section */
		590335BB1E9C25AA00260154 /* PBXTargetDependency */ = {
			isa = PBXTargetDependency;
			target = 590335A41E9C25AA00260154 /* Photorama */;
			targetProxy = 590335BA1E9C25AA00260154 /* PBXContainerItemProxy */;
		};
		590335C61E9C25AA00260154 /* PBXTargetDependency */ = {
			isa = PBXTargetDependency;
			target = 590335A41E9C25AA00260154 /* Photorama */;
			targetProxy = 590335C51E9C25AA00260154 /* PBXContainerItemProxy */;
		};
/* End PBXTargetDependency section */

/* Begin PBXVariantGroup section */
		590335AC1E9C25AA00260154 /* Main.storyboard */ = {
			isa = PBXVariantGroup;
			children = (
				590335AD1E9C25AA00260154 /* Base */,
			);
			name = Main.storyboard;
			sourceTree = "<group>";
		};
		590335B11E9C25AA00260154 /* LaunchScreen.storyboard */ = {
			isa = PBXVariantGroup;
			children = (
				590335B21E9C25AA00260154 /* Base */,
			);
			name = LaunchScreen.storyboard;
			sourceTree = "<group>";
		};
/* End PBXVariantGroup section */

/* Begin XCBuildConfiguration section */
		590335CB1E9C25AA00260154 /* Debug */ = {
			isa = XCBuildConfiguration;
			buildSettings = {
				ALWAYS_SEARCH_USER_PATHS = NO;
				CLANG_ANALYZER_NONNULL = YES;
				CLANG_ANALYZER_NUMBER_OBJECT_CONVERSION = YES_AGGRESSIVE;
				CLANG_CXX_LANGUAGE_STANDARD = "gnu++0x";
				CLANG_CXX_LIBRARY = "libc++";
				CLANG_ENABLE_MODULES = YES;
				CLANG_ENABLE_OBJC_ARC = YES;
				CLANG_WARN_BOOL_CONVERSION = YES;
				CLANG_WARN_CONSTANT_CONVERSION = YES;
				CLANG_WARN_DIRECT_OBJC_ISA_USAGE = YES_ERROR;
				CLANG_WARN_DOCUMENTATION_COMMENTS = YES;
				CLANG_WARN_EMPTY_BODY = YES;
				CLANG_WARN_ENUM_CONVERSION = YES;
				CLANG_WARN_INFINITE_RECURSION = YES;
				CLANG_WARN_INT_CONVERSION = YES;
				CLANG_WARN_OBJC_ROOT_CLASS = YES_ERROR;
				CLANG_WARN_SUSPICIOUS_MOVE = YES;
				CLANG_WARN_UNREACHABLE_CODE = YES;
				CLANG_WARN__DUPLICATE_METHOD_MATCH = YES;
				"CODE_SIGN_IDENTITY[sdk=iphoneos*]" = "iPhone Developer";
				COPY_PHASE_STRIP = NO;
				DEBUG_INFORMATION_FORMAT = dwarf;
				ENABLE_STRICT_OBJC_MSGSEND = YES;
				ENABLE_TESTABILITY = YES;
				GCC_C_LANGUAGE_STANDARD = gnu99;
				GCC_DYNAMIC_NO_PIC = NO;
				GCC_NO_COMMON_BLOCKS = YES;
				GCC_OPTIMIZATION_LEVEL = 0;
				GCC_PREPROCESSOR_DEFINITIONS = (
					"DEBUG=1",
					"$(inherited)",
				);
				GCC_WARN_64_TO_32_BIT_CONVERSION = YES;
				GCC_WARN_ABOUT_RETURN_TYPE = YES_ERROR;
				GCC_WARN_UNDECLARED_SELECTOR = YES;
				GCC_WARN_UNINITIALIZED_AUTOS = YES_AGGRESSIVE;
				GCC_WARN_UNUSED_FUNCTION = YES;
				GCC_WARN_UNUSED_VARIABLE = YES;
				IPHONEOS_DEPLOYMENT_TARGET = 10.3;
				MTL_ENABLE_DEBUG_INFO = YES;
				ONLY_ACTIVE_ARCH = YES;
				SDKROOT = iphoneos;
				SWIFT_ACTIVE_COMPILATION_CONDITIONS = DEBUG;
				SWIFT_OPTIMIZATION_LEVEL = "-Onone";
				TARGETED_DEVICE_FAMILY = "1,2";
			};
			name = Debug;
		};
		590335CC1E9C25AA00260154 /* Release */ = {
			isa = XCBuildConfiguration;
			buildSettings = {
				ALWAYS_SEARCH_USER_PATHS = NO;
				CLANG_ANALYZER_NONNULL = YES;
				CLANG_ANALYZER_NUMBER_OBJECT_CONVERSION = YES_AGGRESSIVE;
				CLANG_CXX_LANGUAGE_STANDARD = "gnu++0x";
				CLANG_CXX_LIBRARY = "libc++";
				CLANG_ENABLE_MODULES = YES;
				CLANG_ENABLE_OBJC_ARC = YES;
				CLANG_WARN_BOOL_CONVERSION = YES;
				CLANG_WARN_CONSTANT_CONVERSION = YES;
				CLANG_WARN_DIRECT_OBJC_ISA_USAGE = YES_ERROR;
				CLANG_WARN_DOCUMENTATION_COMMENTS = YES;
				CLANG_WARN_EMPTY_BODY = YES;
				CLANG_WARN_ENUM_CONVERSION = YES;
				CLANG_WARN_INFINITE_RECURSION = YES;
				CLANG_WARN_INT_CONVERSION = YES;
				CLANG_WARN_OBJC_ROOT_CLASS = YES_ERROR;
				CLANG_WARN_SUSPICIOUS_MOVE = YES;
				CLANG_WARN_UNREACHABLE_CODE = YES;
				CLANG_WARN__DUPLICATE_METHOD_MATCH = YES;
				"CODE_SIGN_IDENTITY[sdk=iphoneos*]" = "iPhone Developer";
				COPY_PHASE_STRIP = NO;
				DEBUG_INFORMATION_FORMAT = "dwarf-with-dsym";
				ENABLE_NS_ASSERTIONS = NO;
				ENABLE_STRICT_OBJC_MSGSEND = YES;
				GCC_C_LANGUAGE_STANDARD = gnu99;
				GCC_NO_COMMON_BLOCKS = YES;
				GCC_WARN_64_TO_32_BIT_CONVERSION = YES;
				GCC_WARN_ABOUT_RETURN_TYPE = YES_ERROR;
				GCC_WARN_UNDECLARED_SELECTOR = YES;
				GCC_WARN_UNINITIALIZED_AUTOS = YES_AGGRESSIVE;
				GCC_WARN_UNUSED_FUNCTION = YES;
				GCC_WARN_UNUSED_VARIABLE = YES;
				IPHONEOS_DEPLOYMENT_TARGET = 10.3;
				MTL_ENABLE_DEBUG_INFO = NO;
				SDKROOT = iphoneos;
				SWIFT_OPTIMIZATION_LEVEL = "-Owholemodule";
				TARGETED_DEVICE_FAMILY = "1,2";
				VALIDATE_PRODUCT = YES;
			};
			name = Release;
		};
		590335CE1E9C25AA00260154 /* Debug */ = {
			isa = XCBuildConfiguration;
			buildSettings = {
				ASSETCATALOG_COMPILER_APPICON_NAME = AppIcon;
				DEVELOPMENT_TEAM = YF386D5NRU;
				INFOPLIST_FILE = Photorama/Info.plist;
				LD_RUNPATH_SEARCH_PATHS = "$(inherited) @executable_path/Frameworks";
				PRODUCT_BUNDLE_IDENTIFIER = msbbeumer.Photorama;
				PRODUCT_NAME = "$(TARGET_NAME)";
				SWIFT_VERSION = 3.0;
			};
			name = Debug;
		};
		590335CF1E9C25AA00260154 /* Release */ = {
			isa = XCBuildConfiguration;
			buildSettings = {
				ASSETCATALOG_COMPILER_APPICON_NAME = AppIcon;
				DEVELOPMENT_TEAM = YF386D5NRU;
				INFOPLIST_FILE = Photorama/Info.plist;
				LD_RUNPATH_SEARCH_PATHS = "$(inherited) @executable_path/Frameworks";
				PRODUCT_BUNDLE_IDENTIFIER = msbbeumer.Photorama;
				PRODUCT_NAME = "$(TARGET_NAME)";
				SWIFT_VERSION = 3.0;
			};
			name = Release;
		};
		590335D11E9C25AA00260154 /* Debug */ = {
			isa = XCBuildConfiguration;
			buildSettings = {
				ALWAYS_EMBED_SWIFT_STANDARD_LIBRARIES = YES;
				BUNDLE_LOADER = "$(TEST_HOST)";
				INFOPLIST_FILE = PhotoramaTests/Info.plist;
				LD_RUNPATH_SEARCH_PATHS = "$(inherited) @executable_path/Frameworks @loader_path/Frameworks";
				PRODUCT_BUNDLE_IDENTIFIER = msbbeumer.PhotoramaTests;
				PRODUCT_NAME = "$(TARGET_NAME)";
				SWIFT_VERSION = 3.0;
				TEST_HOST = "$(BUILT_PRODUCTS_DIR)/Photorama.app/Photorama";
			};
			name = Debug;
		};
		590335D21E9C25AA00260154 /* Release */ = {
			isa = XCBuildConfiguration;
			buildSettings = {
				ALWAYS_EMBED_SWIFT_STANDARD_LIBRARIES = YES;
				BUNDLE_LOADER = "$(TEST_HOST)";
				INFOPLIST_FILE = PhotoramaTests/Info.plist;
				LD_RUNPATH_SEARCH_PATHS = "$(inherited) @executable_path/Frameworks @loader_path/Frameworks";
				PRODUCT_BUNDLE_IDENTIFIER = msbbeumer.PhotoramaTests;
				PRODUCT_NAME = "$(TARGET_NAME)";
				SWIFT_VERSION = 3.0;
				TEST_HOST = "$(BUILT_PRODUCTS_DIR)/Photorama.app/Photorama";
			};
			name = Release;
		};
		590335D41E9C25AA00260154 /* Debug */ = {
			isa = XCBuildConfiguration;
			buildSettings = {
				ALWAYS_EMBED_SWIFT_STANDARD_LIBRARIES = YES;
				INFOPLIST_FILE = PhotoramaUITests/Info.plist;
				LD_RUNPATH_SEARCH_PATHS = "$(inherited) @executable_path/Frameworks @loader_path/Frameworks";
				PRODUCT_BUNDLE_IDENTIFIER = msbbeumer.PhotoramaUITests;
				PRODUCT_NAME = "$(TARGET_NAME)";
				SWIFT_VERSION = 3.0;
				TEST_TARGET_NAME = Photorama;
			};
			name = Debug;
		};
		590335D51E9C25AA00260154 /* Release */ = {
			isa = XCBuildConfiguration;
			buildSettings = {
				ALWAYS_EMBED_SWIFT_STANDARD_LIBRARIES = YES;
				INFOPLIST_FILE = PhotoramaUITests/Info.plist;
				LD_RUNPATH_SEARCH_PATHS = "$(inherited) @executable_path/Frameworks @loader_path/Frameworks";
				PRODUCT_BUNDLE_IDENTIFIER = msbbeumer.PhotoramaUITests;
				PRODUCT_NAME = "$(TARGET_NAME)";
				SWIFT_VERSION = 3.0;
				TEST_TARGET_NAME = Photorama;
			};
			name = Release;
		};
/* End XCBuildConfiguration section */

/* Begin XCConfigurationList section */
		590335A01E9C25AA00260154 /* Build configuration list for PBXProject "Photorama" */ = {
			isa = XCConfigurationList;
			buildConfigurations = (
				590335CB1E9C25AA00260154 /* Debug */,
				590335CC1E9C25AA00260154 /* Release */,
			);
			defaultConfigurationIsVisible = 0;
			defaultConfigurationName = Release;
		};
		590335CD1E9C25AA00260154 /* Build configuration list for PBXNativeTarget "Photorama" */ = {
			isa = XCConfigurationList;
			buildConfigurations = (
				590335CE1E9C25AA00260154 /* Debug */,
				590335CF1E9C25AA00260154 /* Release */,
			);
			defaultConfigurationIsVisible = 0;
			defaultConfigurationName = Release;
		};
		590335D01E9C25AA00260154 /* Build configuration list for PBXNativeTarget "PhotoramaTests" */ = {
			isa = XCConfigurationList;
			buildConfigurations = (
				590335D11E9C25AA00260154 /* Debug */,
				590335D21E9C25AA00260154 /* Release */,
			);
			defaultConfigurationIsVisible = 0;
			defaultConfigurationName = Release;
		};
		590335D31E9C25AA00260154 /* Build configuration list for PBXNativeTarget "PhotoramaUITests" */ = {
			isa = XCConfigurationList;
			buildConfigurations = (
				590335D41E9C25AA00260154 /* Debug */,
				590335D51E9C25AA00260154 /* Release */,
			);
			defaultConfigurationIsVisible = 0;
			defaultConfigurationName = Release;
		};
/* End XCConfigurationList section */
	};
	rootObject = 5903359D1E9C25AA00260154 /* Project object */;
}
